// !$*UTF8*$!
{
	archiveVersion = 1;
	classes = {
	};
	objectVersion = 50;
	objects = {

/* Begin PBXBuildFile section */
		8E57077724114158000A95CC /* AppDelegate.swift in Sources */ = {isa = PBXBuildFile; fileRef = 8E57077624114158000A95CC /* AppDelegate.swift */; };
		8E57077924114158000A95CC /* SceneDelegate.swift in Sources */ = {isa = PBXBuildFile; fileRef = 8E57077824114158000A95CC /* SceneDelegate.swift */; };
		8E57077B24114158000A95CC /* ViewController.swift in Sources */ = {isa = PBXBuildFile; fileRef = 8E57077A24114158000A95CC /* ViewController.swift */; };
		8E57077E24114158000A95CC /* Main.storyboard in Resources */ = {isa = PBXBuildFile; fileRef = 8E57077C24114158000A95CC /* Main.storyboard */; };
		8E57078124114158000A95CC /* CustomBottomSheet.xcdatamodeld in Sources */ = {isa = PBXBuildFile; fileRef = 8E57077F24114158000A95CC /* CustomBottomSheet.xcdatamodeld */; };
		8E5707832411415B000A95CC /* Assets.xcassets in Resources */ = {isa = PBXBuildFile; fileRef = 8E5707822411415B000A95CC /* Assets.xcassets */; };
		8E5707862411415B000A95CC /* LaunchScreen.storyboard in Resources */ = {isa = PBXBuildFile; fileRef = 8E5707842411415B000A95CC /* LaunchScreen.storyboard */; };
		8E57078E241142CD000A95CC /* BottomView.swift in Sources */ = {isa = PBXBuildFile; fileRef = 8E57078D241142CD000A95CC /* BottomView.swift */; };
		8E57079024114329000A95CC /* BottomView.xib in Resources */ = {isa = PBXBuildFile; fileRef = 8E57078F24114329000A95CC /* BottomView.xib */; };
		8E57079F24115783000A95CC /* tableViewCell.swift in Sources */ = {isa = PBXBuildFile; fileRef = 8E57079E24115783000A95CC /* tableViewCell.swift */; };
		8E5707A1241158FB000A95CC /* tableViewCell.xib in Resources */ = {isa = PBXBuildFile; fileRef = 8E5707A0241158FB000A95CC /* tableViewCell.xib */; };
/* End PBXBuildFile section */

/* Begin PBXFileReference section */
		8E57077324114158000A95CC /* CustomBottomSheet.app */ = {isa = PBXFileReference; explicitFileType = wrapper.application; includeInIndex = 0; path = CustomBottomSheet.app; sourceTree = BUILT_PRODUCTS_DIR; };
		8E57077624114158000A95CC /* AppDelegate.swift */ = {isa = PBXFileReference; lastKnownFileType = sourcecode.swift; path = AppDelegate.swift; sourceTree = "<group>"; };
		8E57077824114158000A95CC /* SceneDelegate.swift */ = {isa = PBXFileReference; lastKnownFileType = sourcecode.swift; path = SceneDelegate.swift; sourceTree = "<group>"; };
		8E57077A24114158000A95CC /* ViewController.swift */ = {isa = PBXFileReference; lastKnownFileType = sourcecode.swift; path = ViewController.swift; sourceTree = "<group>"; };
		8E57077D24114158000A95CC /* Base */ = {isa = PBXFileReference; lastKnownFileType = file.storyboard; name = Base; path = Base.lproj/Main.storyboard; sourceTree = "<group>"; };
		8E57078024114158000A95CC /* CustomBottomSheet.xcdatamodel */ = {isa = PBXFileReference; lastKnownFileType = wrapper.xcdatamodel; path = CustomBottomSheet.xcdatamodel; sourceTree = "<group>"; };
		8E5707822411415B000A95CC /* Assets.xcassets */ = {isa = PBXFileReference; lastKnownFileType = folder.assetcatalog; path = Assets.xcassets; sourceTree = "<group>"; };
		8E5707852411415B000A95CC /* Base */ = {isa = PBXFileReference; lastKnownFileType = file.storyboard; name = Base; path = Base.lproj/LaunchScreen.storyboard; sourceTree = "<group>"; };
		8E5707872411415B000A95CC /* Info.plist */ = {isa = PBXFileReference; lastKnownFileType = text.plist.xml; path = Info.plist; sourceTree = "<group>"; };
		8E57078D241142CD000A95CC /* BottomView.swift */ = {isa = PBXFileReference; lastKnownFileType = sourcecode.swift; path = BottomView.swift; sourceTree = "<group>"; };
		8E57078F24114329000A95CC /* BottomView.xib */ = {isa = PBXFileReference; lastKnownFileType = file.xib; path = BottomView.xib; sourceTree = "<group>"; };
		8E57079E24115783000A95CC /* tableViewCell.swift */ = {isa = PBXFileReference; lastKnownFileType = sourcecode.swift; path = tableViewCell.swift; sourceTree = "<group>"; };
		8E5707A0241158FB000A95CC /* tableViewCell.xib */ = {isa = PBXFileReference; lastKnownFileType = file.xib; path = tableViewCell.xib; sourceTree = "<group>"; };
/* End PBXFileReference section */

/* Begin PBXFrameworksBuildPhase section */
		8E57077024114158000A95CC /* Frameworks */ = {
			isa = PBXFrameworksBuildPhase;
			buildActionMask = 2147483647;
			files = (
			);
			runOnlyForDeploymentPostprocessing = 0;
		};
/* End PBXFrameworksBuildPhase section */

/* Begin PBXGroup section */
		8E57076A24114158000A95CC = {
			isa = PBXGroup;
			children = (
				8E57077524114158000A95CC /* CustomBottomSheet */,
				8E57077424114158000A95CC /* Products */,
			);
			sourceTree = "<group>";
		};
		8E57077424114158000A95CC /* Products */ = {
			isa = PBXGroup;
			children = (
				8E57077324114158000A95CC /* CustomBottomSheet.app */,
			);
			name = Products;
			sourceTree = "<group>";
		};
		8E57077524114158000A95CC /* CustomBottomSheet */ = {
			isa = PBXGroup;
			children = (
				8E57079124114446000A95CC /* BottomView */,
				8E57077624114158000A95CC /* AppDelegate.swift */,
				8E57077824114158000A95CC /* SceneDelegate.swift */,
				8E57077A24114158000A95CC /* ViewController.swift */,
				8E57077C24114158000A95CC /* Main.storyboard */,
				8E5707822411415B000A95CC /* Assets.xcassets */,
				8E5707842411415B000A95CC /* LaunchScreen.storyboard */,
				8E5707872411415B000A95CC /* Info.plist */,
				8E57077F24114158000A95CC /* CustomBottomSheet.xcdatamodeld */,
			);
			path = CustomBottomSheet;
			sourceTree = "<group>";
		};
		8E57079124114446000A95CC /* BottomView */ = {
			isa = PBXGroup;
			children = (
				8E57078D241142CD000A95CC /* BottomView.swift */,
				8E57078F24114329000A95CC /* BottomView.xib */,
				8E57079E24115783000A95CC /* tableViewCell.swift */,
				8E5707A0241158FB000A95CC /* tableViewCell.xib */,
			);
			path = BottomView;
			sourceTree = "<group>";
		};
/* End PBXGroup section */

/* Begin PBXNativeTarget section */
		8E57077224114158000A95CC /* CustomBottomSheet */ = {
			isa = PBXNativeTarget;
			buildConfigurationList = 8E57078A2411415B000A95CC /* Build configuration list for PBXNativeTarget "CustomBottomSheet" */;
			buildPhases = (
				8E57076F24114158000A95CC /* Sources */,
				8E57077024114158000A95CC /* Frameworks */,
				8E57077124114158000A95CC /* Resources */,
			);
			buildRules = (
			);
			dependencies = (
			);
			name = CustomBottomSheet;
			productName = CustomBottomSheet;
			productReference = 8E57077324114158000A95CC /* CustomBottomSheet.app */;
			productType = "com.apple.product-type.application";
		};
/* End PBXNativeTarget section */

/* Begin PBXProject section */
		8E57076B24114158000A95CC /* Project object */ = {
			isa = PBXProject;
			attributes = {
				LastSwiftUpdateCheck = 1130;
				LastUpgradeCheck = 1130;
				ORGANIZATIONNAME = "yoo chae won";
				TargetAttributes = {
					8E57077224114158000A95CC = {
						CreatedOnToolsVersion = 11.3.1;
					};
				};
			};
			buildConfigurationList = 8E57076E24114158000A95CC /* Build configuration list for PBXProject "CustomBottomSheet" */;
			compatibilityVersion = "Xcode 9.3";
			developmentRegion = en;
			hasScannedForEncodings = 0;
			knownRegions = (
				en,
				Base,
			);
			mainGroup = 8E57076A24114158000A95CC;
			productRefGroup = 8E57077424114158000A95CC /* Products */;
			projectDirPath = "";
			projectRoot = "";
			targets = (
				8E57077224114158000A95CC /* CustomBottomSheet */,
			);
		};
/* End PBXProject section */

/* Begin PBXResourcesBuildPhase section */
		8E57077124114158000A95CC /* Resources */ = {
			isa = PBXResourcesBuildPhase;
			buildActionMask = 2147483647;
			files = (
				8E5707862411415B000A95CC /* LaunchScreen.storyboard in Resources */,
				8E5707832411415B000A95CC /* Assets.xcassets in Resources */,
				8E5707A1241158FB000A95CC /* tableViewCell.xib in Resources */,
				8E57077E24114158000A95CC /* Main.storyboard in Resources */,
				8E57079024114329000A95CC /* BottomView.xib in Resources */,
			);
			runOnlyForDeploymentPostprocessing = 0;
		};
/* End PBXResourcesBuildPhase section */

/* Begin PBXSourcesBuildPhase section */
		8E57076F24114158000A95CC /* Sources */ = {
			isa = PBXSourcesBuildPhase;
			buildActionMask = 2147483647;
			files = (
				8E57077B24114158000A95CC /* ViewController.swift in Sources */,
				8E57077724114158000A95CC /* AppDelegate.swift in Sources */,
				8E57079F24115783000A95CC /* tableViewCell.swift in Sources */,
				8E57077924114158000A95CC /* SceneDelegate.swift in Sources */,
				8E57078124114158000A95CC /* CustomBottomSheet.xcdatamodeld in Sources */,
				8E57078E241142CD000A95CC /* BottomView.swift in Sources */,
			);
			runOnlyForDeploymentPostprocessing = 0;
		};
/* End PBXSourcesBuildPhase section */

/* Begin PBXVariantGroup section */
		8E57077C24114158000A95CC /* Main.storyboard */ = {
			isa = PBXVariantGroup;
			children = (
				8E57077D24114158000A95CC /* Base */,
			);
			name = Main.storyboard;
			sourceTree = "<group>";
		};
		8E5707842411415B000A95CC /* LaunchScreen.storyboard */ = {
			isa = PBXVariantGroup;
			children = (
				8E5707852411415B000A95CC /* Base */,
			);
			name = LaunchScreen.storyboard;
			sourceTree = "<group>";
		};
/* End PBXVariantGroup section */

/* Begin XCBuildConfiguration section */
		8E5707882411415B000A95CC /* Debug */ = {
			isa = XCBuildConfiguration;
			buildSettings = {
				ALWAYS_SEARCH_USER_PATHS = NO;
				CLANG_ANALYZER_NONNULL = YES;
				CLANG_ANALYZER_NUMBER_OBJECT_CONVERSION = YES_AGGRESSIVE;
				CLANG_CXX_LANGUAGE_STANDARD = "gnu++14";
				CLANG_CXX_LIBRARY = "libc++";
				CLANG_ENABLE_MODULES = YES;
				CLANG_ENABLE_OBJC_ARC = YES;
				CLANG_ENABLE_OBJC_WEAK = YES;
				CLANG_WARN_BLOCK_CAPTURE_AUTORELEASING = YES;
				CLANG_WARN_BOOL_CONVERSION = YES;
				CLANG_WARN_COMMA = YES;
				CLANG_WARN_CONSTANT_CONVERSION = YES;
				CLANG_WARN_DEPRECATED_OBJC_IMPLEMENTATIONS = YES;
				CLANG_WARN_DIRECT_OBJC_ISA_USAGE = YES_ERROR;
				CLANG_WARN_DOCUMENTATION_COMMENTS = YES;
				CLANG_WARN_EMPTY_BODY = YES;
				CLANG_WARN_ENUM_CONVERSION = YES;
				CLANG_WARN_INFINITE_RECURSION = YES;
				CLANG_WARN_INT_CONVERSION = YES;
				CLANG_WARN_NON_LITERAL_NULL_CONVERSION = YES;
				CLANG_WARN_OBJC_IMPLICIT_RETAIN_SELF = YES;
				CLANG_WARN_OBJC_LITERAL_CONVERSION = YES;
				CLANG_WARN_OBJC_ROOT_CLASS = YES_ERROR;
				CLANG_WARN_RANGE_LOOP_ANALYSIS = YES;
				CLANG_WARN_STRICT_PROTOTYPES = YES;
				CLANG_WARN_SUSPICIOUS_MOVE = YES;
				CLANG_WARN_UNGUARDED_AVAILABILITY = YES_AGGRESSIVE;
				CLANG_WARN_UNREACHABLE_CODE = YES;
				CLANG_WARN__DUPLICATE_METHOD_MATCH = YES;
				COPY_PHASE_STRIP = NO;
				DEBUG_INFORMATION_FORMAT = dwarf;
				ENABLE_STRICT_OBJC_MSGSEND = YES;
				ENABLE_TESTABILITY = YES;
				GCC_C_LANGUAGE_STANDARD = gnu11;
				GCC_DYNAMIC_NO_PIC = NO;
				GCC_NO_COMMON_BLOCKS = YES;
				GCC_OPTIMIZATION_LEVEL = 0;
				GCC_PREPROCESSOR_DEFINITIONS = (
					"DEBUG=1",
					"$(inherited)",
				);
				GCC_WARN_64_TO_32_BIT_CONVERSION = YES;
				GCC_WARN_ABOUT_RETURN_TYPE = YES_ERROR;
				GCC_WARN_UNDECLARED_SELECTOR = YES;
				GCC_WARN_UNINITIALIZED_AUTOS = YES_AGGRESSIVE;
				GCC_WARN_UNUSED_FUNCTION = YES;
				GCC_WARN_UNUSED_VARIABLE = YES;
				IPHONEOS_DEPLOYMENT_TARGET = 13.2;
				MTL_ENABLE_DEBUG_INFO = INCLUDE_SOURCE;
				MTL_FAST_MATH = YES;
				ONLY_ACTIVE_ARCH = YES;
				SDKROOT = iphoneos;
				SWIFT_ACTIVE_COMPILATION_CONDITIONS = DEBUG;
				SWIFT_OPTIMIZATION_LEVEL = "-Onone";
			};
			name = Debug;
		};
		8E5707892411415B000A95CC /* Release */ = {
			isa = XCBuildConfiguration;
			buildSettings = {
				ALWAYS_SEARCH_USER_PATHS = NO;
				CLANG_ANALYZER_NONNULL = YES;
				CLANG_ANALYZER_NUMBER_OBJECT_CONVERSION = YES_AGGRESSIVE;
				CLANG_CXX_LANGUAGE_STANDARD = "gnu++14";
				CLANG_CXX_LIBRARY = "libc++";
				CLANG_ENABLE_MODULES = YES;
				CLANG_ENABLE_OBJC_ARC = YES;
				CLANG_ENABLE_OBJC_WEAK = YES;
				CLANG_WARN_BLOCK_CAPTURE_AUTORELEASING = YES;
				CLANG_WARN_BOOL_CONVERSION = YES;
				CLANG_WARN_COMMA = YES;
				CLANG_WARN_CONSTANT_CONVERSION = YES;
				CLANG_WARN_DEPRECATED_OBJC_IMPLEMENTATIONS = YES;
				CLANG_WARN_DIRECT_OBJC_ISA_USAGE = YES_ERROR;
				CLANG_WARN_DOCUMENTATION_COMMENTS = YES;
				CLANG_WARN_EMPTY_BODY = YES;
				CLANG_WARN_ENUM_CONVERSION = YES;
				CLANG_WARN_INFINITE_RECURSION = YES;
				CLANG_WARN_INT_CONVERSION = YES;
				CLANG_WARN_NON_LITERAL_NULL_CONVERSION = YES;
				CLANG_WARN_OBJC_IMPLICIT_RETAIN_SELF = YES;
				CLANG_WARN_OBJC_LITERAL_CONVERSION = YES;
				CLANG_WARN_OBJC_ROOT_CLASS = YES_ERROR;
				CLANG_WARN_RANGE_LOOP_ANALYSIS = YES;
				CLANG_WARN_STRICT_PROTOTYPES = YES;
				CLANG_WARN_SUSPICIOUS_MOVE = YES;
				CLANG_WARN_UNGUARDED_AVAILABILITY = YES_AGGRESSIVE;
				CLANG_WARN_UNREACHABLE_CODE = YES;
				CLANG_WARN__DUPLICATE_METHOD_MATCH = YES;
				COPY_PHASE_STRIP = NO;
				DEBUG_INFORMATION_FORMAT = "dwarf-with-dsym";
				ENABLE_NS_ASSERTIONS = NO;
				ENABLE_STRICT_OBJC_MSGSEND = YES;
				GCC_C_LANGUAGE_STANDARD = gnu11;
				GCC_NO_COMMON_BLOCKS = YES;
				GCC_WARN_64_TO_32_BIT_CONVERSION = YES;
				GCC_WARN_ABOUT_RETURN_TYPE = YES_ERROR;
				GCC_WARN_UNDECLARED_SELECTOR = YES;
				GCC_WARN_UNINITIALIZED_AUTOS = YES_AGGRESSIVE;
				GCC_WARN_UNUSED_FUNCTION = YES;
				GCC_WARN_UNUSED_VARIABLE = YES;
				IPHONEOS_DEPLOYMENT_TARGET = 13.2;
				MTL_ENABLE_DEBUG_INFO = NO;
				MTL_FAST_MATH = YES;
				SDKROOT = iphoneos;
				SWIFT_COMPILATION_MODE = wholemodule;
				SWIFT_OPTIMIZATION_LEVEL = "-O";
				VALIDATE_PRODUCT = YES;
			};
			name = Release;
		};
		8E57078B2411415B000A95CC /* Debug */ = {
			isa = XCBuildConfiguration;
			buildSettings = {
				ASSETCATALOG_COMPILER_APPICON_NAME = AppIcon;
				CODE_SIGN_STYLE = Automatic;
				INFOPLIST_FILE = CustomBottomSheet/Info.plist;
				LD_RUNPATH_SEARCH_PATHS = (
					"$(inherited)",
					"@executable_path/Frameworks",
				);
				PRODUCT_BUNDLE_IDENTIFIER = com.CustomBottomSheet;
				PRODUCT_NAME = "$(TARGET_NAME)";
				SWIFT_VERSION = 5.0;
				TARGETED_DEVICE_FAMILY = "1,2";
			};
			name = Debug;
		};
		8E57078C2411415B000A95CC /* Release */ = {
			isa = XCBuildConfiguration;
			buildSettings = {
				ASSETCATALOG_COMPILER_APPICON_NAME = AppIcon;
				CODE_SIGN_STYLE = Automatic;
				INFOPLIST_FILE = CustomBottomSheet/Info.plist;
				LD_RUNPATH_SEARCH_PATHS = (
					"$(inherited)",
					"@executable_path/Frameworks",
				);
				PRODUCT_BUNDLE_IDENTIFIER = com.CustomBottomSheet;
				PRODUCT_NAME = "$(TARGET_NAME)";
				SWIFT_VERSION = 5.0;
				TARGETED_DEVICE_FAMILY = "1,2";
			};
			name = Release;
		};
/* End XCBuildConfiguration section */

/* Begin XCConfigurationList section */
		8E57076E24114158000A95CC /* Build configuration list for PBXProject "CustomBottomSheet" */ = {
			isa = XCConfigurationList;
			buildConfigurations = (
				8E5707882411415B000A95CC /* Debug */,
				8E5707892411415B000A95CC /* Release */,
			);
			defaultConfigurationIsVisible = 0;
			defaultConfigurationName = Release;
		};
		8E57078A2411415B000A95CC /* Build configuration list for PBXNativeTarget "CustomBottomSheet" */ = {
			isa = XCConfigurationList;
			buildConfigurations = (
				8E57078B2411415B000A95CC /* Debug */,
				8E57078C2411415B000A95CC /* Release */,
			);
			defaultConfigurationIsVisible = 0;
			defaultConfigurationName = Release;
		};
/* End XCConfigurationList section */

/* Begin XCVersionGroup section */
		8E57077F24114158000A95CC /* CustomBottomSheet.xcdatamodeld */ = {
			isa = XCVersionGroup;
			children = (
				8E57078024114158000A95CC /* CustomBottomSheet.xcdatamodel */,
			);
			currentVersion = 8E57078024114158000A95CC /* CustomBottomSheet.xcdatamodel */;
			path = CustomBottomSheet.xcdatamodeld;
			sourceTree = "<group>";
			versionGroupType = wrapper.xcdatamodel;
		};
/* End XCVersionGroup section */
	};
	rootObject = 8E57076B24114158000A95CC /* Project object */;
}
