// !$*UTF8*$!
{
	archiveVersion = 1;
	classes = {
	};
	objectVersion = 50;
	objects = {

/* Begin PBXBuildFile section */
		8E8D0C8623FD109200CEB0AF /* AppDelegate.swift in Sources */ = {isa = PBXBuildFile; fileRef = 8E8D0C8523FD109200CEB0AF /* AppDelegate.swift */; };
		8E8D0C8823FD109200CEB0AF /* SceneDelegate.swift in Sources */ = {isa = PBXBuildFile; fileRef = 8E8D0C8723FD109200CEB0AF /* SceneDelegate.swift */; };
		8E8D0C8A23FD109200CEB0AF /* ViewController.swift in Sources */ = {isa = PBXBuildFile; fileRef = 8E8D0C8923FD109200CEB0AF /* ViewController.swift */; };
		8E8D0C8D23FD109200CEB0AF /* Main.storyboard in Resources */ = {isa = PBXBuildFile; fileRef = 8E8D0C8B23FD109200CEB0AF /* Main.storyboard */; };
		8E8D0C8F23FD109400CEB0AF /* Assets.xcassets in Resources */ = {isa = PBXBuildFile; fileRef = 8E8D0C8E23FD109400CEB0AF /* Assets.xcassets */; };
		8E8D0C9223FD109400CEB0AF /* LaunchScreen.storyboard in Resources */ = {isa = PBXBuildFile; fileRef = 8E8D0C9023FD109400CEB0AF /* LaunchScreen.storyboard */; };
/* End PBXBuildFile section */

/* Begin PBXFileReference section */
		8E8D0C8223FD109200CEB0AF /* NetworkSample.app */ = {isa = PBXFileReference; explicitFileType = wrapper.application; includeInIndex = 0; path = NetworkSample.app; sourceTree = BUILT_PRODUCTS_DIR; };
		8E8D0C8523FD109200CEB0AF /* AppDelegate.swift */ = {isa = PBXFileReference; lastKnownFileType = sourcecode.swift; path = AppDelegate.swift; sourceTree = "<group>"; };
		8E8D0C8723FD109200CEB0AF /* SceneDelegate.swift */ = {isa = PBXFileReference; lastKnownFileType = sourcecode.swift; path = SceneDelegate.swift; sourceTree = "<group>"; };
		8E8D0C8923FD109200CEB0AF /* ViewController.swift */ = {isa = PBXFileReference; lastKnownFileType = sourcecode.swift; path = ViewController.swift; sourceTree = "<group>"; };
		8E8D0C8C23FD109200CEB0AF /* Base */ = {isa = PBXFileReference; lastKnownFileType = file.storyboard; name = Base; path = Base.lproj/Main.storyboard; sourceTree = "<group>"; };
		8E8D0C8E23FD109400CEB0AF /* Assets.xcassets */ = {isa = PBXFileReference; lastKnownFileType = folder.assetcatalog; path = Assets.xcassets; sourceTree = "<group>"; };
		8E8D0C9123FD109400CEB0AF /* Base */ = {isa = PBXFileReference; lastKnownFileType = file.storyboard; name = Base; path = Base.lproj/LaunchScreen.storyboard; sourceTree = "<group>"; };
		8E8D0C9323FD109400CEB0AF /* Info.plist */ = {isa = PBXFileReference; lastKnownFileType = text.plist.xml; path = Info.plist; sourceTree = "<group>"; };
		8E8D0C9A23FD119500CEB0AF /* Encoder.playground */ = {isa = PBXFileReference; lastKnownFileType = file.playground; path = Encoder.playground; sourceTree = "<group>"; xcLanguageSpecificationIdentifier = xcode.lang.swift; };
		8E8D0C9B23FD1D5000CEB0AF /* Decoder.playground */ = {isa = PBXFileReference; lastKnownFileType = file.playground; path = Decoder.playground; sourceTree = "<group>"; xcLanguageSpecificationIdentifier = xcode.lang.swift; };
/* End PBXFileReference section */

/* Begin PBXFrameworksBuildPhase section */
		8E8D0C7F23FD109200CEB0AF /* Frameworks */ = {
			isa = PBXFrameworksBuildPhase;
			buildActionMask = 2147483647;
			files = (
			);
			runOnlyForDeploymentPostprocessing = 0;
		};
/* End PBXFrameworksBuildPhase section */

/* Begin PBXGroup section */
		8E8D0C7923FD109200CEB0AF = {
			isa = PBXGroup;
			children = (
				8E8D0C8423FD109200CEB0AF /* NetworkSample */,
				8E8D0C8323FD109200CEB0AF /* Products */,
			);
			sourceTree = "<group>";
		};
		8E8D0C8323FD109200CEB0AF /* Products */ = {
			isa = PBXGroup;
			children = (
				8E8D0C8223FD109200CEB0AF /* NetworkSample.app */,
			);
			name = Products;
			sourceTree = "<group>";
		};
		8E8D0C8423FD109200CEB0AF /* NetworkSample */ = {
			isa = PBXGroup;
			children = (
				8E8D0C9923FD112800CEB0AF /* Test */,
				8E8D0C8523FD109200CEB0AF /* AppDelegate.swift */,
				8E8D0C8723FD109200CEB0AF /* SceneDelegate.swift */,
				8E8D0C8923FD109200CEB0AF /* ViewController.swift */,
				8E8D0C8B23FD109200CEB0AF /* Main.storyboard */,
				8E8D0C8E23FD109400CEB0AF /* Assets.xcassets */,
				8E8D0C9023FD109400CEB0AF /* LaunchScreen.storyboard */,
				8E8D0C9323FD109400CEB0AF /* Info.plist */,
			);
			path = NetworkSample;
			sourceTree = "<group>";
		};
		8E8D0C9923FD112800CEB0AF /* Test */ = {
			isa = PBXGroup;
			children = (
				8E8D0C9A23FD119500CEB0AF /* Encoder.playground */,
				8E8D0C9B23FD1D5000CEB0AF /* Decoder.playground */,
			);
			path = Test;
			sourceTree = "<group>";
		};
/* End PBXGroup section */

/* Begin PBXNativeTarget section */
		8E8D0C8123FD109200CEB0AF /* NetworkSample */ = {
			isa = PBXNativeTarget;
			buildConfigurationList = 8E8D0C9623FD109400CEB0AF /* Build configuration list for PBXNativeTarget "NetworkSample" */;
			buildPhases = (
				8E8D0C7E23FD109200CEB0AF /* Sources */,
				8E8D0C7F23FD109200CEB0AF /* Frameworks */,
				8E8D0C8023FD109200CEB0AF /* Resources */,
			);
			buildRules = (
			);
			dependencies = (
			);
			name = NetworkSample;
			productName = NetworkSample;
			productReference = 8E8D0C8223FD109200CEB0AF /* NetworkSample.app */;
			productType = "com.apple.product-type.application";
		};
/* End PBXNativeTarget section */

/* Begin PBXProject section */
		8E8D0C7A23FD109200CEB0AF /* Project object */ = {
			isa = PBXProject;
			attributes = {
				LastSwiftUpdateCheck = 1130;
				LastUpgradeCheck = 1130;
				ORGANIZATIONNAME = "yoo chae won";
				TargetAttributes = {
					8E8D0C8123FD109200CEB0AF = {
						CreatedOnToolsVersion = 11.3.1;
					};
				};
			};
			buildConfigurationList = 8E8D0C7D23FD109200CEB0AF /* Build configuration list for PBXProject "NetworkSample" */;
			compatibilityVersion = "Xcode 9.3";
			developmentRegion = en;
			hasScannedForEncodings = 0;
			knownRegions = (
				en,
				Base,
			);
			mainGroup = 8E8D0C7923FD109200CEB0AF;
			productRefGroup = 8E8D0C8323FD109200CEB0AF /* Products */;
			projectDirPath = "";
			projectRoot = "";
			targets = (
				8E8D0C8123FD109200CEB0AF /* NetworkSample */,
			);
		};
/* End PBXProject section */

/* Begin PBXResourcesBuildPhase section */
		8E8D0C8023FD109200CEB0AF /* Resources */ = {
			isa = PBXResourcesBuildPhase;
			buildActionMask = 2147483647;
			files = (
				8E8D0C9223FD109400CEB0AF /* LaunchScreen.storyboard in Resources */,
				8E8D0C8F23FD109400CEB0AF /* Assets.xcassets in Resources */,
				8E8D0C8D23FD109200CEB0AF /* Main.storyboard in Resources */,
			);
			runOnlyForDeploymentPostprocessing = 0;
		};
/* End PBXResourcesBuildPhase section */

/* Begin PBXSourcesBuildPhase section */
		8E8D0C7E23FD109200CEB0AF /* Sources */ = {
			isa = PBXSourcesBuildPhase;
			buildActionMask = 2147483647;
			files = (
				8E8D0C8A23FD109200CEB0AF /* ViewController.swift in Sources */,
				8E8D0C8623FD109200CEB0AF /* AppDelegate.swift in Sources */,
				8E8D0C8823FD109200CEB0AF /* SceneDelegate.swift in Sources */,
			);
			runOnlyForDeploymentPostprocessing = 0;
		};
/* End PBXSourcesBuildPhase section */

/* Begin PBXVariantGroup section */
		8E8D0C8B23FD109200CEB0AF /* Main.storyboard */ = {
			isa = PBXVariantGroup;
			children = (
				8E8D0C8C23FD109200CEB0AF /* Base */,
			);
			name = Main.storyboard;
			sourceTree = "<group>";
		};
		8E8D0C9023FD109400CEB0AF /* LaunchScreen.storyboard */ = {
			isa = PBXVariantGroup;
			children = (
				8E8D0C9123FD109400CEB0AF /* Base */,
			);
			name = LaunchScreen.storyboard;
			sourceTree = "<group>";
		};
/* End PBXVariantGroup section */

/* Begin XCBuildConfiguration section */
		8E8D0C9423FD109400CEB0AF /* Debug */ = {
			isa = XCBuildConfiguration;
			buildSettings = {
				ALWAYS_SEARCH_USER_PATHS = NO;
				CLANG_ANALYZER_NONNULL = YES;
				CLANG_ANALYZER_NUMBER_OBJECT_CONVERSION = YES_AGGRESSIVE;
				CLANG_CXX_LANGUAGE_STANDARD = "gnu++14";
				CLANG_CXX_LIBRARY = "libc++";
				CLANG_ENABLE_MODULES = YES;
				CLANG_ENABLE_OBJC_ARC = YES;
				CLANG_ENABLE_OBJC_WEAK = YES;
				CLANG_WARN_BLOCK_CAPTURE_AUTORELEASING = YES;
				CLANG_WARN_BOOL_CONVERSION = YES;
				CLANG_WARN_COMMA = YES;
				CLANG_WARN_CONSTANT_CONVERSION = YES;
				CLANG_WARN_DEPRECATED_OBJC_IMPLEMENTATIONS = YES;
				CLANG_WARN_DIRECT_OBJC_ISA_USAGE = YES_ERROR;
				CLANG_WARN_DOCUMENTATION_COMMENTS = YES;
				CLANG_WARN_EMPTY_BODY = YES;
				CLANG_WARN_ENUM_CONVERSION = YES;
				CLANG_WARN_INFINITE_RECURSION = YES;
				CLANG_WARN_INT_CONVERSION = YES;
				CLANG_WARN_NON_LITERAL_NULL_CONVERSION = YES;
				CLANG_WARN_OBJC_IMPLICIT_RETAIN_SELF = YES;
				CLANG_WARN_OBJC_LITERAL_CONVERSION = YES;
				CLANG_WARN_OBJC_ROOT_CLASS = YES_ERROR;
				CLANG_WARN_RANGE_LOOP_ANALYSIS = YES;
				CLANG_WARN_STRICT_PROTOTYPES = YES;
				CLANG_WARN_SUSPICIOUS_MOVE = YES;
				CLANG_WARN_UNGUARDED_AVAILABILITY = YES_AGGRESSIVE;
				CLANG_WARN_UNREACHABLE_CODE = YES;
				CLANG_WARN__DUPLICATE_METHOD_MATCH = YES;
				COPY_PHASE_STRIP = NO;
				DEBUG_INFORMATION_FORMAT = dwarf;
				ENABLE_STRICT_OBJC_MSGSEND = YES;
				ENABLE_TESTABILITY = YES;
				GCC_C_LANGUAGE_STANDARD = gnu11;
				GCC_DYNAMIC_NO_PIC = NO;
				GCC_NO_COMMON_BLOCKS = YES;
				GCC_OPTIMIZATION_LEVEL = 0;
				GCC_PREPROCESSOR_DEFINITIONS = (
					"DEBUG=1",
					"$(inherited)",
				);
				GCC_WARN_64_TO_32_BIT_CONVERSION = YES;
				GCC_WARN_ABOUT_RETURN_TYPE = YES_ERROR;
				GCC_WARN_UNDECLARED_SELECTOR = YES;
				GCC_WARN_UNINITIALIZED_AUTOS = YES_AGGRESSIVE;
				GCC_WARN_UNUSED_FUNCTION = YES;
				GCC_WARN_UNUSED_VARIABLE = YES;
				IPHONEOS_DEPLOYMENT_TARGET = 13.2;
				MTL_ENABLE_DEBUG_INFO = INCLUDE_SOURCE;
				MTL_FAST_MATH = YES;
				ONLY_ACTIVE_ARCH = YES;
				SDKROOT = iphoneos;
				SWIFT_ACTIVE_COMPILATION_CONDITIONS = DEBUG;
				SWIFT_OPTIMIZATION_LEVEL = "-Onone";
			};
			name = Debug;
		};
		8E8D0C9523FD109400CEB0AF /* Release */ = {
			isa = XCBuildConfiguration;
			buildSettings = {
				ALWAYS_SEARCH_USER_PATHS = NO;
				CLANG_ANALYZER_NONNULL = YES;
				CLANG_ANALYZER_NUMBER_OBJECT_CONVERSION = YES_AGGRESSIVE;
				CLANG_CXX_LANGUAGE_STANDARD = "gnu++14";
				CLANG_CXX_LIBRARY = "libc++";
				CLANG_ENABLE_MODULES = YES;
				CLANG_ENABLE_OBJC_ARC = YES;
				CLANG_ENABLE_OBJC_WEAK = YES;
				CLANG_WARN_BLOCK_CAPTURE_AUTORELEASING = YES;
				CLANG_WARN_BOOL_CONVERSION = YES;
				CLANG_WARN_COMMA = YES;
				CLANG_WARN_CONSTANT_CONVERSION = YES;
				CLANG_WARN_DEPRECATED_OBJC_IMPLEMENTATIONS = YES;
				CLANG_WARN_DIRECT_OBJC_ISA_USAGE = YES_ERROR;
				CLANG_WARN_DOCUMENTATION_COMMENTS = YES;
				CLANG_WARN_EMPTY_BODY = YES;
				CLANG_WARN_ENUM_CONVERSION = YES;
				CLANG_WARN_INFINITE_RECURSION = YES;
				CLANG_WARN_INT_CONVERSION = YES;
				CLANG_WARN_NON_LITERAL_NULL_CONVERSION = YES;
				CLANG_WARN_OBJC_IMPLICIT_RETAIN_SELF = YES;
				CLANG_WARN_OBJC_LITERAL_CONVERSION = YES;
				CLANG_WARN_OBJC_ROOT_CLASS = YES_ERROR;
				CLANG_WARN_RANGE_LOOP_ANALYSIS = YES;
				CLANG_WARN_STRICT_PROTOTYPES = YES;
				CLANG_WARN_SUSPICIOUS_MOVE = YES;
				CLANG_WARN_UNGUARDED_AVAILABILITY = YES_AGGRESSIVE;
				CLANG_WARN_UNREACHABLE_CODE = YES;
				CLANG_WARN__DUPLICATE_METHOD_MATCH = YES;
				COPY_PHASE_STRIP = NO;
				DEBUG_INFORMATION_FORMAT = "dwarf-with-dsym";
				ENABLE_NS_ASSERTIONS = NO;
				ENABLE_STRICT_OBJC_MSGSEND = YES;
				GCC_C_LANGUAGE_STANDARD = gnu11;
				GCC_NO_COMMON_BLOCKS = YES;
				GCC_WARN_64_TO_32_BIT_CONVERSION = YES;
				GCC_WARN_ABOUT_RETURN_TYPE = YES_ERROR;
				GCC_WARN_UNDECLARED_SELECTOR = YES;
				GCC_WARN_UNINITIALIZED_AUTOS = YES_AGGRESSIVE;
				GCC_WARN_UNUSED_FUNCTION = YES;
				GCC_WARN_UNUSED_VARIABLE = YES;
				IPHONEOS_DEPLOYMENT_TARGET = 13.2;
				MTL_ENABLE_DEBUG_INFO = NO;
				MTL_FAST_MATH = YES;
				SDKROOT = iphoneos;
				SWIFT_COMPILATION_MODE = wholemodule;
				SWIFT_OPTIMIZATION_LEVEL = "-O";
				VALIDATE_PRODUCT = YES;
			};
			name = Release;
		};
		8E8D0C9723FD109400CEB0AF /* Debug */ = {
			isa = XCBuildConfiguration;
			buildSettings = {
				ASSETCATALOG_COMPILER_APPICON_NAME = AppIcon;
				CODE_SIGN_STYLE = Automatic;
				INFOPLIST_FILE = NetworkSample/Info.plist;
				LD_RUNPATH_SEARCH_PATHS = (
					"$(inherited)",
					"@executable_path/Frameworks",
				);
				PRODUCT_BUNDLE_IDENTIFIER = com.NetworkSample;
				PRODUCT_NAME = "$(TARGET_NAME)";
				SWIFT_VERSION = 5.0;
				TARGETED_DEVICE_FAMILY = "1,2";
			};
			name = Debug;
		};
		8E8D0C9823FD109400CEB0AF /* Release */ = {
			isa = XCBuildConfiguration;
			buildSettings = {
				ASSETCATALOG_COMPILER_APPICON_NAME = AppIcon;
				CODE_SIGN_STYLE = Automatic;
				INFOPLIST_FILE = NetworkSample/Info.plist;
				LD_RUNPATH_SEARCH_PATHS = (
					"$(inherited)",
					"@executable_path/Frameworks",
				);
				PRODUCT_BUNDLE_IDENTIFIER = com.NetworkSample;
				PRODUCT_NAME = "$(TARGET_NAME)";
				SWIFT_VERSION = 5.0;
				TARGETED_DEVICE_FAMILY = "1,2";
			};
			name = Release;
		};
/* End XCBuildConfiguration section */

/* Begin XCConfigurationList section */
		8E8D0C7D23FD109200CEB0AF /* Build configuration list for PBXProject "NetworkSample" */ = {
			isa = XCConfigurationList;
			buildConfigurations = (
				8E8D0C9423FD109400CEB0AF /* Debug */,
				8E8D0C9523FD109400CEB0AF /* Release */,
			);
			defaultConfigurationIsVisible = 0;
			defaultConfigurationName = Release;
		};
		8E8D0C9623FD109400CEB0AF /* Build configuration list for PBXNativeTarget "NetworkSample" */ = {
			isa = XCConfigurationList;
			buildConfigurations = (
				8E8D0C9723FD109400CEB0AF /* Debug */,
				8E8D0C9823FD109400CEB0AF /* Release */,
			);
			defaultConfigurationIsVisible = 0;
			defaultConfigurationName = Release;
		};
/* End XCConfigurationList section */
	};
	rootObject = 8E8D0C7A23FD109200CEB0AF /* Project object */;
}
